<?xml version="1.0" encoding="utf-8"?>
<Project ToolsVersion="4.0" xmlns="http://schemas.microsoft.com/developer/msbuild/2003">
  <ItemGroup>
    <Filter Include="源文件">
      <UniqueIdentifier>{4FC737F1-C7A5-4376-A066-2A32D752A2FF}</UniqueIdentifier>
      <Extensions>cpp;c;cc;cxx;c++;cppm;ixx;def;odl;idl;hpj;bat;asm;asmx</Extensions>
    </Filter>
    <Filter Include="头文件">
      <UniqueIdentifier>{93995380-89BD-4b04-88EB-625FBE52EBFB}</UniqueIdentifier>
      <Extensions>h;hh;hpp;hxx;h++;hm;inl;inc;ipp;xsd</Extensions>
    </Filter>
    <Filter Include="资源文件">
      <UniqueIdentifier>{67DA6AB6-F800-4c08-8B7A-83BB121AAD01}</UniqueIdentifier>
      <Extensions>rc;ico;cur;bmp;dlg;rc2;rct;bin;rgs;gif;jpg;jpeg;jpe;resx;tiff;tif;png;wav;mfcribbon-ms</Extensions>
    </Filter>
  </ItemGroup>
  <ItemGroup>
    <ClCompile Include="27.RemoveElement.cpp">
      <Filter>源文件</Filter>
    </ClCompile>
    <ClCompile Include="1.TwoSum.cpp">
      <Filter>源文件</Filter>
    </ClCompile>
    <ClCompile Include="7.ReverseInteger.cpp">
      <Filter>源文件</Filter>
    </ClCompile>
    <ClCompile Include="9.PalindromeNumber.cpp">
      <Filter>源文件</Filter>
    </ClCompile>
    <ClCompile Include="13.RomanToInteger.cpp">
      <Filter>源文件</Filter>
    </ClCompile>
    <ClCompile Include="13.RomanToIntegerPlus.cpp">
      <Filter>源文件</Filter>
    </ClCompile>
    <ClCompile Include="13.RomanToIntegerPlusPlus.cpp">
      <Filter>源文件</Filter>
    </ClCompile>
    <ClCompile Include="14.LongestCommonPrefix.cpp">
      <Filter>源文件</Filter>
    </ClCompile>
    <ClCompile Include="20.ValidParentheses.cpp">
      <Filter>源文件</Filter>
    </ClCompile>
    <ClCompile Include="21.MergeTwoSortedLists.cpp">
      <Filter>源文件</Filter>
    </ClCompile>
    <ClCompile Include="26.RemoveDuplicatesFromSortedArray.cpp">
      <Filter>源文件</Filter>
    </ClCompile>
    <ClCompile Include="27.RemoveElementPlus.cpp">
      <Filter>源文件</Filter>
    </ClCompile>
    <ClCompile Include="28.ImplementStrStr%28%29.cpp">
      <Filter>源文件</Filter>
    </ClCompile>
    <ClCompile Include="35.SearchInsertPosition.cpp">
      <Filter>源文件</Filter>
    </ClCompile>
    <ClCompile Include="38.CountAndSay.cpp">
      <Filter>源文件</Filter>
    </ClCompile>
    <ClCompile Include="53.MaximumSubarray.cpp">
      <Filter>源文件</Filter>
    </ClCompile>
    <ClCompile Include="58.LengthOfLastWord.cpp">
      <Filter>源文件</Filter>
    </ClCompile>
    <ClCompile Include="66.PlusOne.cpp">
      <Filter>源文件</Filter>
    </ClCompile>
    <ClCompile Include="67.AddBinary.cpp">
      <Filter>源文件</Filter>
    </ClCompile>
    <ClCompile Include="69.Sqrt(x).cpp">
      <Filter>源文件</Filter>
    </ClCompile>
    <ClCompile Include="70.ClimbingStairs.cpp">
      <Filter>源文件</Filter>
    </ClCompile>
    <ClCompile Include="83.RemoveDuplicatesFromSortedList.cpp">
      <Filter>源文件</Filter>
    </ClCompile>
    <ClCompile Include="88.MergeSortedArray.cpp">
      <Filter>源文件</Filter>
    </ClCompile>
    <ClCompile Include="100.SameTree.cpp">
      <Filter>源文件</Filter>
    </ClCompile>
    <ClCompile Include="101.SymmetricTree.cpp">
      <Filter>源文件</Filter>
    </ClCompile>
    <ClCompile Include="104.MaximumDepthOfBinaryTree.cpp">
      <Filter>源文件</Filter>
    </ClCompile>
    <ClCompile Include="107.BinaryTreeLevelOrderTraversal II.cpp">
      <Filter>源文件</Filter>
    </ClCompile>
    <ClCompile Include="108.ConvertSortedArraytoBinarySearchTree.cpp">
      <Filter>源文件</Filter>
    </ClCompile>
    <ClCompile Include="110.BalancedBinaryTree.cpp">
      <Filter>源文件</Filter>
    </ClCompile>
    <ClCompile Include="111.MinimumDepthofBinaryTree.cpp">
      <Filter>源文件</Filter>
    </ClCompile>
    <ClCompile Include="112.PathSum.cpp">
      <Filter>源文件</Filter>
    </ClCompile>
    <ClCompile Include="118.Pascal%27sTriangle.cpp">
      <Filter>源文件</Filter>
    </ClCompile>
    <ClCompile Include="119.Pascal%27sTriangleII.cpp">
      <Filter>源文件</Filter>
    </ClCompile>
    <ClCompile Include="121.BestTimetoBuyandSellStock.cpp">
      <Filter>源文件</Filter>
    </ClCompile>
    <ClCompile Include="122.BestTimetoBuyandSellStockII.cpp">
      <Filter>源文件</Filter>
    </ClCompile>
    <ClCompile Include="125.ValidPalindrome.cpp">
      <Filter>源文件</Filter>
    </ClCompile>
    <ClCompile Include="136.SingleNumber.cpp">
      <Filter>源文件</Filter>
    </ClCompile>
    <ClCompile Include="141. LinkedListCycle.cpp">
      <Filter>源文件</Filter>
    </ClCompile>
    <ClCompile Include="155.MinStack.cpp">
      <Filter>源文件</Filter>
    </ClCompile>
    <ClCompile Include="160.IntersectionofTwoLinkedLists.cpp">
      <Filter>源文件</Filter>
    </ClCompile>
    <ClCompile Include="167.TwoSumII-InputArrayIsSorted.cpp">
      <Filter>源文件</Filter>
    </ClCompile>
    <ClCompile Include="168.ExcelSheetColumnTitle.cpp">
      <Filter>源文件</Filter>
    </ClCompile>
    <ClCompile Include="169.MajorityElement.cpp">
      <Filter>源文件</Filter>
    </ClCompile>
    <ClCompile Include="171.ExcelSheetColumnNumber.cpp">
      <Filter>源文件</Filter>
    </ClCompile>
    <ClCompile Include="172.FactorialTrailingZeroes.cpp">
      <Filter>源文件</Filter>
    </ClCompile>
    <ClCompile Include="190.ReverseBits.cpp">
      <Filter>源文件</Filter>
    </ClCompile>
    <ClCompile Include="191.Numberof1Bits.cpp">
      <Filter>源文件</Filter>
    </ClCompile>
    <ClCompile Include="198.HouseRobber.cpp">
      <Filter>源文件</Filter>
    </ClCompile>
    <ClCompile Include="202.HappyNumber.cpp">
      <Filter>源文件</Filter>
    </ClCompile>
    <ClCompile Include="203.RemoveLinkedListElements.cpp">
      <Filter>源文件</Filter>
    </ClCompile>
    <ClCompile Include="204.CountPrimes.cpp">
      <Filter>源文件</Filter>
    </ClCompile>
    <ClCompile Include="205.IsomorphicStrings.cpp">
      <Filter>源文件</Filter>
    </ClCompile>
    <ClCompile Include="206.ReverseLinkedList.cpp">
      <Filter>源文件</Filter>
    </ClCompile>
    <ClCompile Include="217.ContainsDuplicate.cpp">
      <Filter>源文件</Filter>
    </ClCompile>
    <ClCompile Include="219.ContainsDuplicateII.cpp">
      <Filter>源文件</Filter>
    </ClCompile>
    <ClCompile Include="225.ImplementStackusingQueues.cpp">
      <Filter>源文件</Filter>
    </ClCompile>
    <ClCompile Include="226.InvertBinaryTree.cpp">
      <Filter>源文件</Filter>
    </ClCompile>
    <ClCompile Include="228.SummaryRanges.cpp">
      <Filter>源文件</Filter>
    </ClCompile>
    <ClCompile Include="231.PowerofTwo.cpp">
      <Filter>源文件</Filter>
    </ClCompile>
    <ClCompile Include="232.ImplementQueueusingStacks.cpp">
      <Filter>源文件</Filter>
    </ClCompile>
    <ClCompile Include="234.PalindromeLinkedList.cpp">
      <Filter>源文件</Filter>
    </ClCompile>
    <ClCompile Include="235.LowestCommonAncestorofaBinarySearchTree.cpp">
      <Filter>源文件</Filter>
    </ClCompile>
    <ClCompile Include="237.DeleteNodeinaLinkedList.cpp">
      <Filter>源文件</Filter>
    </ClCompile>
    <ClCompile Include="242.ValidAnagram.cpp">
      <Filter>源文件</Filter>
    </ClCompile>
    <ClCompile Include="257.BinaryTreePaths.cpp">
      <Filter>源文件</Filter>
    </ClCompile>
    <ClCompile Include="258.AddDigits.cpp">
      <Filter>源文件</Filter>
    </ClCompile>
    <ClCompile Include="263.UglyNumber.cpp">
      <Filter>源文件</Filter>
    </ClCompile>
    <ClCompile Include="268.MissingNumber.cpp">
      <Filter>源文件</Filter>
    </ClCompile>
    <ClCompile Include="278.FirstBadVersion.cpp">
      <Filter>源文件</Filter>
    </ClCompile>
    <ClCompile Include="283.MoveZeroes.cpp">
      <Filter>源文件</Filter>
    </ClCompile>
    <ClCompile Include="290.WordPattern.cpp">
      <Filter>源文件</Filter>
    </ClCompile>
    <ClCompile Include="292.NimGame.cpp">
      <Filter>源文件</Filter>
    </ClCompile>
    <ClCompile Include="303.RangeSumQuery-Immutable.cpp">
      <Filter>源文件</Filter>
    </ClCompile>
    <ClCompile Include="326.PowerofThree.cpp">
      <Filter>源文件</Filter>
    </ClCompile>
    <ClCompile Include="342.PowerofFour.cpp">
      <Filter>源文件</Filter>
    </ClCompile>
    <ClCompile Include="344.ReverseString.cpp">
      <Filter>源文件</Filter>
    </ClCompile>
    <ClCompile Include="345.ReverseVowelsofaString.cpp">
      <Filter>源文件</Filter>
    </ClCompile>
    <ClCompile Include="349.IntersectionofTwoArrays.cpp">
      <Filter>源文件</Filter>
    </ClCompile>
    <ClCompile Include="350.IntersectionofTwoArraysII.cpp">
      <Filter>源文件</Filter>
    </ClCompile>
    <ClCompile Include="367.ValidPerfectSquare.cpp">
      <Filter>源文件</Filter>
    </ClCompile>
    <ClCompile Include="374.GuessNumberHigherorLower.cpp">
      <Filter>源文件</Filter>
    </ClCompile>
    <ClCompile Include="383.RansomNote.cpp">
      <Filter>源文件</Filter>
    </ClCompile>
    <ClCompile Include="387.FirstUniqueCharacterinaString.cpp">
      <Filter>源文件</Filter>
    </ClCompile>
    <ClCompile Include="389.FindtheDifference.cpp">
      <Filter>源文件</Filter>
    </ClCompile>
    <ClCompile Include="392.IsSubsequence.cpp">
      <Filter>源文件</Filter>
    </ClCompile>
    <ClCompile Include="401.BinaryWatch.cpp">
      <Filter>源文件</Filter>
    </ClCompile>
    <ClCompile Include="404.SumofLeftLeaves.cpp">
      <Filter>源文件</Filter>
    </ClCompile>
    <ClCompile Include="405.ConvertaNumbertoHexadecimal.cpp">
      <Filter>源文件</Filter>
    </ClCompile>
    <ClCompile Include="412.FizzBuzz.cpp">
      <Filter>源文件</Filter>
    </ClCompile>
    <ClCompile Include="414.ThirdMaximumNumber.cpp">
      <Filter>源文件</Filter>
    </ClCompile>
    <ClCompile Include="415.AddStrings.cpp">
      <Filter>源文件</Filter>
    </ClCompile>
    <ClCompile Include="409.LongestPalindrome.cpp">
      <Filter>源文件</Filter>
    </ClCompile>
    <ClCompile Include="434.NumberofSegmentsinaString.cpp">
      <Filter>源文件</Filter>
    </ClCompile>
    <ClCompile Include="441.ArrangingCoins.cpp">
      <Filter>源文件</Filter>
    </ClCompile>
    <ClCompile Include="448.FindAllNumbersDisappearedinanArray.cpp">
      <Filter>源文件</Filter>
    </ClCompile>
    <ClCompile Include="453.MinimumMovestoEqualArrayElements.cpp">
      <Filter>源文件</Filter>
    </ClCompile>
    <ClCompile Include="455.AssignCookies.cpp">
      <Filter>源文件</Filter>
    </ClCompile>
    <ClCompile Include="459.RepeatedSubstringPattern.cpp">
      <Filter>源文件</Filter>
    </ClCompile>
    <ClCompile Include="461.HammingDistance.cpp">
      <Filter>源文件</Filter>
    </ClCompile>
    <ClCompile Include="463.IslandPerimeter.cpp">
      <Filter>源文件</Filter>
    </ClCompile>
    <ClCompile Include="476.NumberComplement.cpp">
      <Filter>源文件</Filter>
    </ClCompile>
    <ClCompile Include="482.LicenseKeyFormatting.cpp">
      <Filter>源文件</Filter>
    </ClCompile>
    <ClCompile Include="485.MaxConsecutiveOnes.cpp">
      <Filter>源文件</Filter>
    </ClCompile>
    <ClCompile Include="492.ConstructtheRectangle.cpp">
      <Filter>源文件</Filter>
    </ClCompile>
    <ClCompile Include="496.NextGreaterElementI.cpp">
      <Filter>源文件</Filter>
    </ClCompile>
    <ClCompile Include="500.KeyboardRow.cpp">
      <Filter>源文件</Filter>
    </ClCompile>
    <ClCompile Include="501.FindModeinBinarySearchTree.cpp">
      <Filter>源文件</Filter>
    </ClCompile>
    <ClCompile Include="504.Base7.cpp">
      <Filter>源文件</Filter>
    </ClCompile>
    <ClCompile Include="506.RelativeRanks.cpp">
      <Filter>源文件</Filter>
    </ClCompile>
    <ClCompile Include="507.PerfectNumber.cpp">
      <Filter>源文件</Filter>
    </ClCompile>
    <ClCompile Include="509.FibonacciNumber.cpp">
      <Filter>源文件</Filter>
    </ClCompile>
    <ClCompile Include="520.DetectCapital.cpp">
      <Filter>源文件</Filter>
    </ClCompile>
    <ClCompile Include="521.LongestUncommonSubsequenceI.cpp">
      <Filter>源文件</Filter>
    </ClCompile>
    <ClCompile Include="530.MinimumAbsoluteDifferenceinBST.cpp">
      <Filter>源文件</Filter>
    </ClCompile>
    <ClCompile Include="541.ReverseStringII.cpp">
      <Filter>源文件</Filter>
    </ClCompile>
    <ClCompile Include="543.DiameterofBinaryTree.cpp">
      <Filter>源文件</Filter>
    </ClCompile>
    <ClCompile Include="551.StudentAttendanceRecordI.cpp">
      <Filter>源文件</Filter>
    </ClCompile>
    <ClCompile Include="557.ReverseWordsinaStringIII.cpp">
      <Filter>源文件</Filter>
    </ClCompile>
    <ClCompile Include="559.MaximumDepthofN-aryTree.cpp">
      <Filter>源文件</Filter>
    </ClCompile>
    <ClCompile Include="561.ArrayPartitionI.cpp">
      <Filter>源文件</Filter>
    </ClCompile>
    <ClCompile Include="563.BinaryTreeTilt.cpp">
      <Filter>源文件</Filter>
    </ClCompile>
    <ClCompile Include="566.ReshapetheMatrix.cpp">
      <Filter>源文件</Filter>
    </ClCompile>
    <ClCompile Include="572.SubtreeofAnotherTree.cpp">
      <Filter>源文件</Filter>
    </ClCompile>
    <ClCompile Include="575.DistributeCandies.cpp">
      <Filter>源文件</Filter>
    </ClCompile>
    <ClCompile Include="589.N-aryTreePreorderTraversal.cpp">
      <Filter>源文件</Filter>
    </ClCompile>
    <ClCompile Include="590.N-aryTreePostorderTraversal.cpp">
      <Filter>源文件</Filter>
    </ClCompile>
    <ClCompile Include="594.LongestHarmoniousSubsequence.cpp">
      <Filter>源文件</Filter>
    </ClCompile>
    <ClCompile Include="598.RangeAdditionII.cpp">
      <Filter>源文件</Filter>
    </ClCompile>
    <ClCompile Include="599.MinimumIndexSumofTwoLists.cpp">
      <Filter>源文件</Filter>
    </ClCompile>
    <ClCompile Include="605.CanPlaceFlowers.cpp">
      <Filter>源文件</Filter>
    </ClCompile>
    <ClCompile Include="606.ConstructStringfromBinaryTree.cpp">
      <Filter>源文件</Filter>
    </ClCompile>
    <ClCompile Include="628.MaximumProductofThreeNumbers.cpp">
      <Filter>源文件</Filter>
    </ClCompile>
    <ClCompile Include="617.MergeTwoBinaryTrees.cpp">
      <Filter>源文件</Filter>
    </ClCompile>
    <ClCompile Include="637.AverageofLevelsinBinaryTree.cpp">
      <Filter>源文件</Filter>
    </ClCompile>
    <ClCompile Include="643.MaximumAverageSubarrayI.cpp">
      <Filter>源文件</Filter>
    </ClCompile>
    <ClCompile Include="645.SetMismatch.cpp">
      <Filter>源文件</Filter>
    </ClCompile>
    <ClCompile Include="653.TwoSumIV-InputisaBST.cpp">
      <Filter>源文件</Filter>
    </ClCompile>
    <ClCompile Include="657.RobotReturntoOrigin.cpp">
      <Filter>源文件</Filter>
    </ClCompile>
    <ClCompile Include="661.ImageSmoother.cpp">
      <Filter>源文件</Filter>
    </ClCompile>
    <ClCompile Include="665.Non-decreasingArray.cpp">
      <Filter>源文件</Filter>
    </ClCompile>
    <ClCompile Include="669.TrimaBinarySearchTree.cpp">
      <Filter>源文件</Filter>
    </ClCompile>
    <ClCompile Include="671.SecondMinimumNodeInaBinaryTree.cpp">
      <Filter>源文件</Filter>
    </ClCompile>
    <ClCompile Include="674.LongestContinuousIncreasingSubsequence.cpp">
      <Filter>源文件</Filter>
    </ClCompile>
    <ClCompile Include="680.ValidPalindromeII.cpp">
      <Filter>源文件</Filter>
    </ClCompile>
    <ClCompile Include="682.BaseballGame.cpp">
      <Filter>源文件</Filter>
    </ClCompile>
    <ClCompile Include="690.EmployeeImportance.cpp">
      <Filter>源文件</Filter>
    </ClCompile>
    <ClCompile Include="693.BinaryNumberwithAlternatingBits.cpp">
      <Filter>源文件</Filter>
    </ClCompile>
    <ClCompile Include="696.CountBinarySubstrings.cpp">
      <Filter>源文件</Filter>
    </ClCompile>
    <ClCompile Include="697.DegreeofanArray.cpp">
      <Filter>源文件</Filter>
    </ClCompile>
    <ClCompile Include="700.SearchinaBinarySearchTree.cpp">
      <Filter>源文件</Filter>
    </ClCompile>
    <ClCompile Include="704.BinarySearch.cpp">
      <Filter>源文件</Filter>
    </ClCompile>
    <ClCompile Include="703.KthLargestElementinaStream.cpp">
      <Filter>源文件</Filter>
    </ClCompile>
    <ClCompile Include="705.DesignHashSet.cpp">
      <Filter>源文件</Filter>
    </ClCompile>
    <ClCompile Include="709.ToLowerCase.cpp">
      <Filter>源文件</Filter>
    </ClCompile>
    <ClCompile Include="717.1-bitand2-bitCharacters.cpp">
      <Filter>源文件</Filter>
    </ClCompile>
    <ClCompile Include="724.FindPivotIndex.cpp">
      <Filter>源文件</Filter>
    </ClCompile>
    <ClCompile Include="728.SelfDividingNumbers.cpp">
      <Filter>源文件</Filter>
    </ClCompile>
    <ClCompile Include="733.Flood Fill.cpp">
      <Filter>源文件</Filter>
    </ClCompile>
    <ClCompile Include="744.FindSmallestLetterGreaterThanTarget.cpp">
      <Filter>源文件</Filter>
    </ClCompile>
    <ClCompile Include="747.LargestNumberAtLeastTwiceofOthers.cpp">
      <Filter>源文件</Filter>
    </ClCompile>
    <ClCompile Include="748.ShortestCompletingWord.cpp">
      <Filter>源文件</Filter>
    </ClCompile>
    <ClCompile Include="762.PrimeNumberofSetBitsinBinaryRepresentation.cpp">
      <Filter>源文件</Filter>
    </ClCompile>
    <ClCompile Include="766.ToeplitzMatrix.cpp">
      <Filter>源文件</Filter>
    </ClCompile>
    <ClCompile Include="771.JewelsandStones.cpp">
      <Filter>源文件</Filter>
    </ClCompile>
    <ClCompile Include="783.MinimumDistanceBetweenBSTNodes.cpp">
      <Filter>源文件</Filter>
    </ClCompile>
    <ClCompile Include="788.RotatedDigits.cpp">
      <Filter>源文件</Filter>
    </ClCompile>
    <ClCompile Include="796.RotateString.cpp">
      <Filter>源文件</Filter>
    </ClCompile>
    <ClCompile Include="804.UniqueMorseCodeWords.cpp">
      <Filter>源文件</Filter>
    </ClCompile>
    <ClCompile Include="806.NumberofLinesToWriteString.cpp">
      <Filter>源文件</Filter>
    </ClCompile>
    <ClCompile Include="811.SubdomainVisitCount.cpp">
      <Filter>源文件</Filter>
    </ClCompile>
    <ClCompile Include="812.LargestTriangleArea.cpp">
      <Filter>源文件</Filter>
    </ClCompile>
    <ClCompile Include="819.MostCommonWord.cpp">
      <Filter>源文件</Filter>
    </ClCompile>
    <ClCompile Include="821.ShortestDistancetoaCharacter.cpp">
      <Filter>源文件</Filter>
    </ClCompile>
    <ClCompile Include="824.GoatLatin.cpp">
      <Filter>源文件</Filter>
    </ClCompile>
    <ClCompile Include="830.PositionsofLargeGroups.cpp">
      <Filter>源文件</Filter>
    </ClCompile>
    <ClCompile Include="832.FlippinganImage.cpp">
      <Filter>源文件</Filter>
    </ClCompile>
    <ClCompile Include="836.RectangleOverlap.cpp">
      <Filter>源文件</Filter>
    </ClCompile>
    <ClCompile Include="844.BackspaceStringCompare.cpp">
      <Filter>源文件</Filter>
    </ClCompile>
    <ClCompile Include="852.PeakIndexinaMountainArray.cpp">
      <Filter>源文件</Filter>
    </ClCompile>
    <ClCompile Include="859.BuddyStrings.cpp">
      <Filter>源文件</Filter>
    </ClCompile>
    <ClCompile Include="860.LemonadeChange.cpp">
      <Filter>源文件</Filter>
    </ClCompile>
    <ClCompile Include="867.TransposeMatrix.cpp">
      <Filter>源文件</Filter>
    </ClCompile>
    <ClCompile Include="868.BinaryGap.cpp">
      <Filter>源文件</Filter>
    </ClCompile>
    <ClCompile Include="872.Leaf-SimilarTrees.cpp">
      <Filter>源文件</Filter>
    </ClCompile>
    <ClCompile Include="876.MiddleoftheLinkedList.cpp">
      <Filter>源文件</Filter>
    </ClCompile>
    <ClCompile Include="883.ProjectionAreaof3DShapes.cpp">
      <Filter>源文件</Filter>
    </ClCompile>
    <ClCompile Include="884.UncommonWordsfromTwoSentences.cpp">
      <Filter>源文件</Filter>
    </ClCompile>
    <ClCompile Include="888.FairCandySwap.cpp">
      <Filter>源文件</Filter>
    </ClCompile>
    <ClCompile Include="892.SurfaceAreaof3DShapes.cpp">
      <Filter>源文件</Filter>
    </ClCompile>
    <ClCompile Include="893.GroupsofSpecial-EquivalentStrings.cpp">
      <Filter>源文件</Filter>
    </ClCompile>
    <ClCompile Include="896.MonotonicArray.cpp">
      <Filter>源文件</Filter>
    </ClCompile>
    <ClCompile Include="897.IncreasingOrderSearchTree.cpp">
      <Filter>源文件</Filter>
    </ClCompile>
    <ClCompile Include="905.SortArrayByParity.cpp">
      <Filter>源文件</Filter>
    </ClCompile>
    <ClCompile Include="908.SmallestRangeI.cpp">
      <Filter>源文件</Filter>
    </ClCompile>
    <ClCompile Include="914.XofaKindinaDeckofCards.cpp">
      <Filter>源文件</Filter>
    </ClCompile>
    <ClCompile Include="917.ReverseOnlyLetters.cpp">
      <Filter>源文件</Filter>
    </ClCompile>
    <ClCompile Include="922.SortArrayByParityII.cpp">
      <Filter>源文件</Filter>
    </ClCompile>
    <ClCompile Include="925.LongPressedName.cpp">
      <Filter>源文件</Filter>
    </ClCompile>
    <ClCompile Include="929.UniqueEmailAddresses.cpp">
      <Filter>源文件</Filter>
    </ClCompile>
    <ClCompile Include="933.NumberofRecentCalls.cpp">
      <Filter>源文件</Filter>
    </ClCompile>
    <ClCompile Include="937.ReorderDatainLogFiles.cpp">
      <Filter>源文件</Filter>
    </ClCompile>
    <ClCompile Include="938.RangeSumofBST.cpp">
      <Filter>源文件</Filter>
    </ClCompile>
    <ClCompile Include="941.ValidMountainArray.cpp">
      <Filter>源文件</Filter>
    </ClCompile>
    <ClCompile Include="942.DIStringMatch.cpp">
      <Filter>源文件</Filter>
    </ClCompile>
    <ClCompile Include="944.DeleteColumnstoMakeSorted.cpp">
      <Filter>源文件</Filter>
    </ClCompile>
    <ClCompile Include="953.VerifyinganAlienDictionary.cpp">
      <Filter>源文件</Filter>
    </ClCompile>
    <ClCompile Include="961.N-RepeatedElementinSize2NArray.cpp">
      <Filter>源文件</Filter>
    </ClCompile>
    <ClCompile Include="965.UnivaluedBinaryTree.cpp">
      <Filter>源文件</Filter>
    </ClCompile>
    <ClCompile Include="976.LargestPerimeterTriangle.cpp">
      <Filter>源文件</Filter>
    </ClCompile>
    <ClCompile Include="977.SquaresofaSortedArray.cpp">
      <Filter>源文件</Filter>
    </ClCompile>
    <ClCompile Include="985.SumofEvenNumbersAfterQueries.cpp">
      <Filter>源文件</Filter>
    </ClCompile>
    <ClCompile Include="989.AddtoArray-FormofInteger.cpp">
      <Filter>源文件</Filter>
    </ClCompile>
    <ClCompile Include="993.CousinsinBinaryTree.cpp">
      <Filter>源文件</Filter>
    </ClCompile>
    <ClCompile Include="997.FindtheTownJudge.cpp">
      <Filter>源文件</Filter>
    </ClCompile>
    <ClCompile Include="999.AvailableCapturesforRook.cpp">
      <Filter>源文件</Filter>
    </ClCompile>
    <ClCompile Include="1002.FindCommonCharacters.cpp">
      <Filter>源文件</Filter>
    </ClCompile>
    <ClCompile Include="1005.MaximizeSumOfArrayAfterKNegations.cpp">
      <Filter>源文件</Filter>
    </ClCompile>
    <ClCompile Include="1009.ComplementofBase10Integer.cpp">
      <Filter>源文件</Filter>
    </ClCompile>
    <ClCompile Include="1013.PartitionArrayIntoThreePartsWithEqualSum.cpp">
      <Filter>源文件</Filter>
    </ClCompile>
    <ClCompile Include="1018.BinaryPrefixDivisibleBy5.cpp">
      <Filter>源文件</Filter>
    </ClCompile>
    <ClCompile Include="1021.RemoveOutermostParentheses.cpp">
      <Filter>源文件</Filter>
    </ClCompile>
    <ClCompile Include="1022.SumofRootToLeafBinaryNumbers.cpp">
      <Filter>源文件</Filter>
    </ClCompile>
    <ClCompile Include="1025.DivisorGame.cpp">
      <Filter>源文件</Filter>
    </ClCompile>
    <ClCompile Include="1030.MatrixCellsinDistanceOrder.cpp">
      <Filter>源文件</Filter>
    </ClCompile>
    <ClCompile Include="1033.MovingStonesUntilConsecutive.cpp">
      <Filter>源文件</Filter>
    </ClCompile>
    <ClCompile Include="1037.ValidBoomerang.cpp">
      <Filter>源文件</Filter>
    </ClCompile>
    <ClCompile Include="1046.LastStoneWeight.cpp">
      <Filter>源文件</Filter>
    </ClCompile>
    <ClCompile Include="1047.RemoveAllAdjacentDuplicatesInString.cpp">
      <Filter>源文件</Filter>
    </ClCompile>
    <ClCompile Include="1051.HeightChecker.cpp">
      <Filter>源文件</Filter>
    </ClCompile>
    <ClCompile Include="1071.GreatestCommonDivisorofStrings.cpp">
      <Filter>源文件</Filter>
    </ClCompile>
    <ClCompile Include="1078.OccurrencesAfterBigram.cpp">
      <Filter>源文件</Filter>
    </ClCompile>
    <ClCompile Include="1089.DuplicateZeros.cpp">
      <Filter>源文件</Filter>
    </ClCompile>
    <ClCompile Include="1108.DefanginganIPAddress.cpp">
      <Filter>源文件</Filter>
    </ClCompile>
    <ClCompile Include="1103.DistributeCandiestoPeople.cpp">
      <Filter>源文件</Filter>
    </ClCompile>
    <ClCompile Include="1122.RelativeSortArray.cpp">
      <Filter>源文件</Filter>
    </ClCompile>
    <ClCompile Include="1128.NumberofEquivalentDominoPairs.cpp">
      <Filter>源文件</Filter>
    </ClCompile>
    <ClCompile Include="1137.N-thTribonacciNumber.cpp">
      <Filter>源文件</Filter>
    </ClCompile>
    <ClCompile Include="1154.DayoftheYear.cpp">
      <Filter>源文件</Filter>
    </ClCompile>
    <ClCompile Include="1160.FindWordsThatCanBeFormedbyCharacters.cpp">
      <Filter>源文件</Filter>
    </ClCompile>
    <ClCompile Include="1175.PrimeArrangements.cpp">
      <Filter>源文件</Filter>
    </ClCompile>
    <ClCompile Include="1184.DistanceBetweenBusStops.cpp">
      <Filter>源文件</Filter>
    </ClCompile>
    <ClCompile Include="1185.DayoftheWeek.cpp">
      <Filter>源文件</Filter>
    </ClCompile>
    <ClCompile Include="1189.MaximumNumberofBalloons.cpp">
      <Filter>源文件</Filter>
    </ClCompile>
    <ClCompile Include="1200.MinimumAbsoluteDifference.cpp">
      <Filter>源文件</Filter>
    </ClCompile>
    <ClCompile Include="1207.UniqueNumberofOccurrences.cpp">
      <Filter>源文件</Filter>
    </ClCompile>
    <ClCompile Include="1217.MinimumCosttoMoveChipstoTheSamePosition.cpp">
      <Filter>源文件</Filter>
    </ClCompile>
    <ClCompile Include="1221.SplitaStringinBalancedStrings.cpp">
      <Filter>源文件</Filter>
    </ClCompile>
    <ClCompile Include="1232.CheckIfItIsaStraightLine.cpp">
      <Filter>源文件</Filter>
    </ClCompile>
    <ClCompile Include="1252.CellswithOddValuesinaMatrix.cpp">
      <Filter>源文件</Filter>
    </ClCompile>
    <ClCompile Include="1260.Shift2DGrid.cpp">
      <Filter>源文件</Filter>
    </ClCompile>
    <ClCompile Include="1266.MinimumTimeVisitingAllPoints.cpp">
      <Filter>源文件</Filter>
    </ClCompile>
    <ClCompile Include="1275.FindWinneronaTicTacToeGame.cpp">
      <Filter>源文件</Filter>
    </ClCompile>
    <ClCompile Include="1281.SubtracttheProductandSumofDigitsofanInteger.cpp">
      <Filter>源文件</Filter>
    </ClCompile>
    <ClCompile Include="1287.ElementAppearingMoreThan25InSortedArray.cpp">
      <Filter>源文件</Filter>
    </ClCompile>
    <ClCompile Include="1290.ConvertBinaryNumberinaLinkedListtoInteger.cpp">
      <Filter>源文件</Filter>
    </ClCompile>
    <ClCompile Include="1295.FindNumberswithEvenNumberofDigits.cpp">
      <Filter>源文件</Filter>
    </ClCompile>
    <ClCompile Include="1299.ReplaceElementswithGreatestElementonRightSide.cpp">
      <Filter>源文件</Filter>
    </ClCompile>
    <ClCompile Include="1304.FindNUniqueIntegersSumuptoZero.cpp">
      <Filter>源文件</Filter>
    </ClCompile>
    <ClCompile Include="1309.DecryptStringfromAlphabettoIntegerMapping.cpp">
      <Filter>源文件</Filter>
    </ClCompile>
    <ClCompile Include="1313.DecompressRun-LengthEncodedList.cpp">
      <Filter>源文件</Filter>
    </ClCompile>
    <ClCompile Include="1317.ConvertIntegertotheSumofTwoNo-ZeroIntegers.cpp">
      <Filter>源文件</Filter>
    </ClCompile>
    <ClCompile Include="1323.Maximum69Number.cpp">
      <Filter>源文件</Filter>
    </ClCompile>
    <ClCompile Include="1331.RankTransformofanArray.cpp">
      <Filter>源文件</Filter>
    </ClCompile>
    <ClCompile Include="1332.RemovePalindromicSubsequences.cpp">
      <Filter>源文件</Filter>
    </ClCompile>
    <ClCompile Include="1337.TheKWeakestRowsinaMatrix.cpp">
      <Filter>源文件</Filter>
    </ClCompile>
    <ClCompile Include="1342.NumberofStepstoReduceaNumbertoZero.cpp">
      <Filter>源文件</Filter>
    </ClCompile>
    <ClCompile Include="1346.CheckIfNandItsDoubleExist.cpp">
      <Filter>源文件</Filter>
    </ClCompile>
    <ClCompile Include="1351.CountNegativeNumbersinaSortedMatrix.cpp">
      <Filter>源文件</Filter>
    </ClCompile>
    <ClCompile Include="1356.SortIntegersbyTheNumberof1Bits.cpp">
      <Filter>源文件</Filter>
    </ClCompile>
    <ClCompile Include="1360.NumberofDaysBetweenTwoDates.cpp">
      <Filter>源文件</Filter>
    </ClCompile>
    <ClCompile Include="1365.HowManyNumbersAreSmallerThantheCurrentNumber.cpp">
      <Filter>源文件</Filter>
    </ClCompile>
    <ClCompile Include="1370.IncreasingDecreasingString.cpp">
      <Filter>源文件</Filter>
    </ClCompile>
    <ClCompile Include="1374.GenerateaStringWithCharactersThatHaveOddCounts.cpp">
      <Filter>源文件</Filter>
    </ClCompile>
    <ClCompile Include="1380.LuckyNumbersinaMatrix.cpp">
      <Filter>源文件</Filter>
    </ClCompile>
    <ClCompile Include="1385.FindtheDistanceValueBetweenTwoArrays.cpp">
      <Filter>源文件</Filter>
    </ClCompile>
    <ClCompile Include="1389.CreateTargetArrayintheGivenOrder.cpp">
      <Filter>源文件</Filter>
    </ClCompile>
    <ClCompile Include="1394.FindLuckyIntegerinanArray.cpp">
      <Filter>源文件</Filter>
    </ClCompile>
    <ClCompile Include="1399.CountLargestGroup.cpp">
      <Filter>源文件</Filter>
    </ClCompile>
    <ClCompile Include="1403.MinimumSubsequenceinNon-IncreasingOrder.cpp">
      <Filter>源文件</Filter>
    </ClCompile>
    <ClCompile Include="1408.StringMatchinginanArray.cpp">
      <Filter>源文件</Filter>
    </ClCompile>
    <ClCompile Include="1413.MinimumValuetoGetPositiveStepbyStepSum.cpp">
      <Filter>源文件</Filter>
    </ClCompile>
    <ClCompile Include="1417.ReformatTheString.cpp">
      <Filter>源文件</Filter>
    </ClCompile>
    <ClCompile Include="1422.MaximumScoreAfterSplittingaString.cpp">
      <Filter>源文件</Filter>
    </ClCompile>
    <ClCompile Include="1431.KidsWiththeGreatestNumberofCandies.cpp">
      <Filter>源文件</Filter>
    </ClCompile>
    <ClCompile Include="1436.DestinationCity.cpp">
      <Filter>源文件</Filter>
    </ClCompile>
    <ClCompile Include="1437.CheckIfAll1%27sAreatLeastLengthKPlacesAway.cpp">
      <Filter>源文件</Filter>
    </ClCompile>
    <ClCompile Include="1441.BuildanArrayWithStackOperations.cpp">
      <Filter>源文件</Filter>
    </ClCompile>
    <ClCompile Include="1446.ConsecutiveCharacters.cpp">
      <Filter>源文件</Filter>
    </ClCompile>
    <ClCompile Include="1450.NumberofStudentsDoingHomeworkataGivenTime.cpp">
      <Filter>源文件</Filter>
    </ClCompile>
    <ClCompile Include="1455.CheckIfaWordOccursAsaPrefixofAnyWordinaSentence.cpp">
      <Filter>源文件</Filter>
    </ClCompile>
    <ClCompile Include="1460.MakeTwoArraysEqualbyReversingSub-arrays.cpp">
      <Filter>源文件</Filter>
    </ClCompile>
    <ClCompile Include="1464.MaximumProductofTwoElementsinanArray.cpp">
      <Filter>源文件</Filter>
    </ClCompile>
    <ClCompile Include="1470.ShuffletheArray.cpp">
      <Filter>源文件</Filter>
    </ClCompile>
    <ClCompile Include="1475.FinalPricesWithaSpecialDiscountinaShop.cpp">
      <Filter>源文件</Filter>
    </ClCompile>
    <ClCompile Include="1480.RunningSumof1dArray.cpp">
      <Filter>源文件</Filter>
    </ClCompile>
    <ClCompile Include="1486.XOROperationinanArray.cpp">
      <Filter>源文件</Filter>
    </ClCompile>
    <ClCompile Include="1491.AverageSalaryExcludingtheMinimumandMaximumSalary.cpp">
      <Filter>源文件</Filter>
    </ClCompile>
    <ClCompile Include="1496.PathCrossing.cpp">
      <Filter>源文件</Filter>
    </ClCompile>
    <ClCompile Include="1502.CanMakeArithmeticProgressionFromSequence.cpp">
      <Filter>源文件</Filter>
    </ClCompile>
    <ClCompile Include="1507.ReformatDate.cpp">
      <Filter>源文件</Filter>
    </ClCompile>
    <ClCompile Include="1512.NumberofGoodPairs.cpp">
      <Filter>源文件</Filter>
    </ClCompile>
    <ClCompile Include="1518.WaterBottles.cpp">
      <Filter>源文件</Filter>
    </ClCompile>
    <ClCompile Include="1523.CountOddNumbersinanIntervalRange.cpp">
      <Filter>源文件</Filter>
    </ClCompile>
    <ClCompile Include="1528.ShuffleString.cpp">
      <Filter>源文件</Filter>
    </ClCompile>
  </ItemGroup>
  <ItemGroup>
    <None Include="746.MinCostClimbingStairs.cpp">
      <Filter>源文件</Filter>
    </None>
  </ItemGroup>
</Project>